
Microsoft Visual Studio Solution File, Format Version 12.00
# Visual Studio 2012
Project("{8BC9CEB8-8B4A-11D0-8D11-00A0C91BC942}") = "TestCWString", "UnitTest\TestCWString\TestCWString.vcxproj", "{078BFE5A-192C-4231-B86B-3516DFB96338}"
EndProject
Project("{8BC9CEB8-8B4A-11D0-8D11-00A0C91BC942}") = "TestCWProcess", "UnitTest\TestCWProcess\TestCWProcess.vcxproj", "{DDE7250D-3CD3-427C-AB73-2A0D1D9E945B}"
EndProject
Project("{8BC9CEB8-8B4A-11D0-8D11-00A0C91BC942}") = "TestCWCrypto", "UnitTest\TestCWCrypto\TestCWCrypto.vcxproj", "{C96DEA58-21F2-40B9-A37E-97F84DF4829D}"
EndProject
Project("{8BC9CEB8-8B4A-11D0-8D11-00A0C91BC942}") = "TestCWTree", "UnitTest\TestCWTree\TestCWTree.vcxproj", "{4824384B-0B6C-47B4-8798-8E71C32EF58A}"
EndProject
Project("{8BC9CEB8-8B4A-11D0-8D11-00A0C91BC942}") = "TestCWSearch", "UnitTest\TestCWSearch\TestCWSearch.vcxproj", "{D971F035-B0BC-4577-81D0-4727A623F8A4}"
EndProject
Project("{8BC9CEB8-8B4A-11D0-8D11-00A0C91BC942}") = "TestCWCmdArgsParserConsole", "UnitTest\TestCWCmdArgsParser\TestCWCmdArgsParserConsole\TestCWCmdArgsParserConsole.vcxproj", "{A14CB31A-02B1-4FBE-98E6-ADA031B22FB2}"
EndProject
Project("{8BC9CEB8-8B4A-11D0-8D11-00A0C91BC942}") = "TestCWCmdArgsParserWindow", "UnitTest\TestCWCmdArgsParser\TestCWCmdArgsParserWindow\TestCWCmdArgsParserWindow.vcxproj", "{9B826D78-8078-477B-A4F5-7FF45BA3960A}"
EndProject
Project("{8BC9CEB8-8B4A-11D0-8D11-00A0C91BC942}") = "TestCWBuffer", "UnitTest\TestCWBuffer\TestCWBuffer.vcxproj", "{7C55DC95-E5DB-43CD-8590-38A205CDE28F}"
EndProject
Project("{8BC9CEB8-8B4A-11D0-8D11-00A0C91BC942}") = "TestCWLock", "UnitTest\TestCWLock\TestCWLock.vcxproj", "{4B5D0A16-5923-431E-9B1D-0BF285E27F06}"
EndProject
Project("{8BC9CEB8-8B4A-11D0-8D11-00A0C91BC942}") = "TestCWIni", "UnitTest\TestCWIni\TestCWIni.vcxproj", "{0E6376BB-E957-4747-B21C-ABD74A0F30A1}"
EndProject
Project("{8BC9CEB8-8B4A-11D0-8D11-00A0C91BC942}") = "TestCWThreadPool", "UnitTest\TestCWThreadPool\TestCWThreadPool.vcxproj", "{B923B9C8-30D1-453E-81D7-1F3EBFAD1D85}"
EndProject
Project("{8BC9CEB8-8B4A-11D0-8D11-00A0C91BC942}") = "TestCWService", "UnitTest\TestCWService\TestCWService.vcxproj", "{D5CE132D-040B-4CB7-911F-73F5C3EF2AA8}"
EndProject
Project("{8BC9CEB8-8B4A-11D0-8D11-00A0C91BC942}") = "TestCWFileMonitor", "UnitTest\TestCWFileMonitor\TestCWFileMonitor.vcxproj", "{FD62A3FE-450E-4025-A610-107979EA809F}"
EndProject
Project("{8BC9CEB8-8B4A-11D0-8D11-00A0C91BC942}") = "TestCWFile", "UnitTest\TestCWFile\TestCWFile.vcxproj", "{4D5A77E4-5FAE-4F94-84E8-9B4BA661C9CC}"
EndProject
Project("{8BC9CEB8-8B4A-11D0-8D11-00A0C91BC942}") = "TestCWVolume", "UnitTest\TestCWVolume\TestCWVolume.vcxproj", "{FD222CCC-6710-4505-B39D-A61F88B2C634}"
EndProject
Project("{8BC9CEB8-8B4A-11D0-8D11-00A0C91BC942}") = "TestCWXml", "UnitTest\TestCWXml\TestCWXml.vcxproj", "{872FBD69-9EFE-464D-BB84-74D68C5DFE8A}"
EndProject
Project("{8BC9CEB8-8B4A-11D0-8D11-00A0C91BC942}") = "TestCWMatrix", "UnitTest\TestCWMatrix\TestCWMatrix.vcxproj", "{D8BE6E39-1441-437D-9452-C9CD85784BDA}"
EndProject
Project("{8BC9CEB8-8B4A-11D0-8D11-00A0C91BC942}") = "TestCWQueue", "UnitTest\TestCWQueue\TestCWQueue.vcxproj", "{A54B2B7A-6431-4B01-9911-09FE0DBD434B}"
EndProject
Global
	GlobalSection(SolutionConfigurationPlatforms) = preSolution
		Debug|Win32 = Debug|Win32
		Release|Win32 = Release|Win32
	EndGlobalSection
	GlobalSection(ProjectConfigurationPlatforms) = postSolution
		{078BFE5A-192C-4231-B86B-3516DFB96338}.Debug|Win32.ActiveCfg = Debug|Win32
		{078BFE5A-192C-4231-B86B-3516DFB96338}.Debug|Win32.Build.0 = Debug|Win32
		{078BFE5A-192C-4231-B86B-3516DFB96338}.Release|Win32.ActiveCfg = Release|Win32
		{078BFE5A-192C-4231-B86B-3516DFB96338}.Release|Win32.Build.0 = Release|Win32
		{DDE7250D-3CD3-427C-AB73-2A0D1D9E945B}.Debug|Win32.ActiveCfg = Debug|Win32
		{DDE7250D-3CD3-427C-AB73-2A0D1D9E945B}.Debug|Win32.Build.0 = Debug|Win32
		{DDE7250D-3CD3-427C-AB73-2A0D1D9E945B}.Release|Win32.ActiveCfg = Release|Win32
		{DDE7250D-3CD3-427C-AB73-2A0D1D9E945B}.Release|Win32.Build.0 = Release|Win32
		{C96DEA58-21F2-40B9-A37E-97F84DF4829D}.Debug|Win32.ActiveCfg = Debug|Win32
		{C96DEA58-21F2-40B9-A37E-97F84DF4829D}.Debug|Win32.Build.0 = Debug|Win32
		{C96DEA58-21F2-40B9-A37E-97F84DF4829D}.Release|Win32.ActiveCfg = Release|Win32
		{C96DEA58-21F2-40B9-A37E-97F84DF4829D}.Release|Win32.Build.0 = Release|Win32
		{4824384B-0B6C-47B4-8798-8E71C32EF58A}.Debug|Win32.ActiveCfg = Debug|Win32
		{4824384B-0B6C-47B4-8798-8E71C32EF58A}.Debug|Win32.Build.0 = Debug|Win32
		{4824384B-0B6C-47B4-8798-8E71C32EF58A}.Debug|Win32.Deploy.0 = Debug|Win32
		{4824384B-0B6C-47B4-8798-8E71C32EF58A}.Release|Win32.ActiveCfg = Release|Win32
		{4824384B-0B6C-47B4-8798-8E71C32EF58A}.Release|Win32.Build.0 = Release|Win32
		{4824384B-0B6C-47B4-8798-8E71C32EF58A}.Release|Win32.Deploy.0 = Release|Win32
		{D971F035-B0BC-4577-81D0-4727A623F8A4}.Debug|Win32.ActiveCfg = Debug|Win32
		{D971F035-B0BC-4577-81D0-4727A623F8A4}.Debug|Win32.Build.0 = Debug|Win32
		{D971F035-B0BC-4577-81D0-4727A623F8A4}.Debug|Win32.Deploy.0 = Debug|Win32
		{D971F035-B0BC-4577-81D0-4727A623F8A4}.Release|Win32.ActiveCfg = Release|Win32
		{D971F035-B0BC-4577-81D0-4727A623F8A4}.Release|Win32.Build.0 = Release|Win32
		{D971F035-B0BC-4577-81D0-4727A623F8A4}.Release|Win32.Deploy.0 = Release|Win32
		{A14CB31A-02B1-4FBE-98E6-ADA031B22FB2}.Debug|Win32.ActiveCfg = Debug|Win32
		{A14CB31A-02B1-4FBE-98E6-ADA031B22FB2}.Debug|Win32.Build.0 = Debug|Win32
		{A14CB31A-02B1-4FBE-98E6-ADA031B22FB2}.Debug|Win32.Deploy.0 = Debug|Win32
		{A14CB31A-02B1-4FBE-98E6-ADA031B22FB2}.Release|Win32.ActiveCfg = Release|Win32
		{A14CB31A-02B1-4FBE-98E6-ADA031B22FB2}.Release|Win32.Build.0 = Release|Win32
		{A14CB31A-02B1-4FBE-98E6-ADA031B22FB2}.Release|Win32.Deploy.0 = Release|Win32
		{9B826D78-8078-477B-A4F5-7FF45BA3960A}.Debug|Win32.ActiveCfg = Debug|Win32
		{9B826D78-8078-477B-A4F5-7FF45BA3960A}.Debug|Win32.Build.0 = Debug|Win32
		{9B826D78-8078-477B-A4F5-7FF45BA3960A}.Debug|Win32.Deploy.0 = Debug|Win32
		{9B826D78-8078-477B-A4F5-7FF45BA3960A}.Release|Win32.ActiveCfg = Release|Win32
		{9B826D78-8078-477B-A4F5-7FF45BA3960A}.Release|Win32.Build.0 = Release|Win32
		{9B826D78-8078-477B-A4F5-7FF45BA3960A}.Release|Win32.Deploy.0 = Release|Win32
		{7C55DC95-E5DB-43CD-8590-38A205CDE28F}.Debug|Win32.ActiveCfg = Debug|Win32
		{7C55DC95-E5DB-43CD-8590-38A205CDE28F}.Debug|Win32.Build.0 = Debug|Win32
		{7C55DC95-E5DB-43CD-8590-38A205CDE28F}.Debug|Win32.Deploy.0 = Debug|Win32
		{7C55DC95-E5DB-43CD-8590-38A205CDE28F}.Release|Win32.ActiveCfg = Release|Win32
		{7C55DC95-E5DB-43CD-8590-38A205CDE28F}.Release|Win32.Build.0 = Release|Win32
		{7C55DC95-E5DB-43CD-8590-38A205CDE28F}.Release|Win32.Deploy.0 = Release|Win32
		{4B5D0A16-5923-431E-9B1D-0BF285E27F06}.Debug|Win32.ActiveCfg = Debug|Win32
		{4B5D0A16-5923-431E-9B1D-0BF285E27F06}.Debug|Win32.Build.0 = Debug|Win32
		{4B5D0A16-5923-431E-9B1D-0BF285E27F06}.Debug|Win32.Deploy.0 = Debug|Win32
		{4B5D0A16-5923-431E-9B1D-0BF285E27F06}.Release|Win32.ActiveCfg = Release|Win32
		{4B5D0A16-5923-431E-9B1D-0BF285E27F06}.Release|Win32.Build.0 = Release|Win32
		{4B5D0A16-5923-431E-9B1D-0BF285E27F06}.Release|Win32.Deploy.0 = Release|Win32
		{0E6376BB-E957-4747-B21C-ABD74A0F30A1}.Debug|Win32.ActiveCfg = Debug|Win32
		{0E6376BB-E957-4747-B21C-ABD74A0F30A1}.Debug|Win32.Build.0 = Debug|Win32
		{0E6376BB-E957-4747-B21C-ABD74A0F30A1}.Debug|Win32.Deploy.0 = Debug|Win32
		{0E6376BB-E957-4747-B21C-ABD74A0F30A1}.Release|Win32.ActiveCfg = Release|Win32
		{0E6376BB-E957-4747-B21C-ABD74A0F30A1}.Release|Win32.Build.0 = Release|Win32
		{0E6376BB-E957-4747-B21C-ABD74A0F30A1}.Release|Win32.Deploy.0 = Release|Win32
		{B923B9C8-30D1-453E-81D7-1F3EBFAD1D85}.Debug|Win32.ActiveCfg = Debug|Win32
		{B923B9C8-30D1-453E-81D7-1F3EBFAD1D85}.Debug|Win32.Build.0 = Debug|Win32
		{B923B9C8-30D1-453E-81D7-1F3EBFAD1D85}.Debug|Win32.Deploy.0 = Debug|Win32
		{B923B9C8-30D1-453E-81D7-1F3EBFAD1D85}.Release|Win32.ActiveCfg = Release|Win32
		{B923B9C8-30D1-453E-81D7-1F3EBFAD1D85}.Release|Win32.Build.0 = Release|Win32
		{B923B9C8-30D1-453E-81D7-1F3EBFAD1D85}.Release|Win32.Deploy.0 = Release|Win32
		{D5CE132D-040B-4CB7-911F-73F5C3EF2AA8}.Debug|Win32.ActiveCfg = Debug|Win32
		{D5CE132D-040B-4CB7-911F-73F5C3EF2AA8}.Debug|Win32.Build.0 = Debug|Win32
		{D5CE132D-040B-4CB7-911F-73F5C3EF2AA8}.Debug|Win32.Deploy.0 = Debug|Win32
		{D5CE132D-040B-4CB7-911F-73F5C3EF2AA8}.Release|Win32.ActiveCfg = Release|Win32
		{D5CE132D-040B-4CB7-911F-73F5C3EF2AA8}.Release|Win32.Build.0 = Release|Win32
		{D5CE132D-040B-4CB7-911F-73F5C3EF2AA8}.Release|Win32.Deploy.0 = Release|Win32
		{FD62A3FE-450E-4025-A610-107979EA809F}.Debug|Win32.ActiveCfg = Debug|Win32
		{FD62A3FE-450E-4025-A610-107979EA809F}.Debug|Win32.Build.0 = Debug|Win32
		{FD62A3FE-450E-4025-A610-107979EA809F}.Debug|Win32.Deploy.0 = Debug|Win32
		{FD62A3FE-450E-4025-A610-107979EA809F}.Release|Win32.ActiveCfg = Release|Win32
		{FD62A3FE-450E-4025-A610-107979EA809F}.Release|Win32.Build.0 = Release|Win32
		{FD62A3FE-450E-4025-A610-107979EA809F}.Release|Win32.Deploy.0 = Release|Win32
		{4D5A77E4-5FAE-4F94-84E8-9B4BA661C9CC}.Debug|Win32.ActiveCfg = Debug|Win32
		{4D5A77E4-5FAE-4F94-84E8-9B4BA661C9CC}.Debug|Win32.Build.0 = Debug|Win32
		{4D5A77E4-5FAE-4F94-84E8-9B4BA661C9CC}.Debug|Win32.Deploy.0 = Debug|Win32
		{4D5A77E4-5FAE-4F94-84E8-9B4BA661C9CC}.Release|Win32.ActiveCfg = Release|Win32
		{4D5A77E4-5FAE-4F94-84E8-9B4BA661C9CC}.Release|Win32.Build.0 = Release|Win32
		{4D5A77E4-5FAE-4F94-84E8-9B4BA661C9CC}.Release|Win32.Deploy.0 = Release|Win32
		{FD222CCC-6710-4505-B39D-A61F88B2C634}.Debug|Win32.ActiveCfg = Debug|Win32
		{FD222CCC-6710-4505-B39D-A61F88B2C634}.Debug|Win32.Build.0 = Debug|Win32
		{FD222CCC-6710-4505-B39D-A61F88B2C634}.Debug|Win32.Deploy.0 = Debug|Win32
		{FD222CCC-6710-4505-B39D-A61F88B2C634}.Release|Win32.ActiveCfg = Release|Win32
		{FD222CCC-6710-4505-B39D-A61F88B2C634}.Release|Win32.Build.0 = Release|Win32
		{FD222CCC-6710-4505-B39D-A61F88B2C634}.Release|Win32.Deploy.0 = Release|Win32
		{872FBD69-9EFE-464D-BB84-74D68C5DFE8A}.Debug|Win32.ActiveCfg = Debug|Win32
		{872FBD69-9EFE-464D-BB84-74D68C5DFE8A}.Debug|Win32.Build.0 = Debug|Win32
		{872FBD69-9EFE-464D-BB84-74D68C5DFE8A}.Debug|Win32.Deploy.0 = Debug|Win32
		{872FBD69-9EFE-464D-BB84-74D68C5DFE8A}.Release|Win32.ActiveCfg = Release|Win32
		{872FBD69-9EFE-464D-BB84-74D68C5DFE8A}.Release|Win32.Build.0 = Release|Win32
		{872FBD69-9EFE-464D-BB84-74D68C5DFE8A}.Release|Win32.Deploy.0 = Release|Win32
		{D8BE6E39-1441-437D-9452-C9CD85784BDA}.Debug|Win32.ActiveCfg = Debug|Win32
		{D8BE6E39-1441-437D-9452-C9CD85784BDA}.Debug|Win32.Build.0 = Debug|Win32
		{D8BE6E39-1441-437D-9452-C9CD85784BDA}.Debug|Win32.Deploy.0 = Debug|Win32
		{D8BE6E39-1441-437D-9452-C9CD85784BDA}.Release|Win32.ActiveCfg = Release|Win32
		{D8BE6E39-1441-437D-9452-C9CD85784BDA}.Release|Win32.Build.0 = Release|Win32
		{D8BE6E39-1441-437D-9452-C9CD85784BDA}.Release|Win32.Deploy.0 = Release|Win32
		{A54B2B7A-6431-4B01-9911-09FE0DBD434B}.Debug|Win32.ActiveCfg = Debug|Win32
		{A54B2B7A-6431-4B01-9911-09FE0DBD434B}.Debug|Win32.Build.0 = Debug|Win32
		{A54B2B7A-6431-4B01-9911-09FE0DBD434B}.Debug|Win32.Deploy.0 = Debug|Win32
		{A54B2B7A-6431-4B01-9911-09FE0DBD434B}.Release|Win32.ActiveCfg = Release|Win32
		{A54B2B7A-6431-4B01-9911-09FE0DBD434B}.Release|Win32.Build.0 = Release|Win32
		{A54B2B7A-6431-4B01-9911-09FE0DBD434B}.Release|Win32.Deploy.0 = Release|Win32
	EndGlobalSection
	GlobalSection(SolutionProperties) = preSolution
		HideSolutionNode = FALSE
	EndGlobalSection
EndGlobal
